<<<<<<< HEAD
﻿
Microsoft Visual Studio Solution File, Format Version 12.00
# Visual Studio Version 17
VisualStudioVersion = 17.0.31903.59
MinimumVisualStudioVersion = 10.0.40219.1
Project("{FAE04EC0-301F-11D3-BF4B-00C04F79EFBC}") = "API", "API\API.csproj", "{4DD1BDF3-5BA1-44EA-9E4E-01ADE1173359}"
EndProject
Project("{FAE04EC0-301F-11D3-BF4B-00C04F79EFBC}") = "Application", "Application\Application.csproj", "{E3FD5A58-6704-4984-AD31-DD164ADE6C23}"
EndProject
Project("{FAE04EC0-301F-11D3-BF4B-00C04F79EFBC}") = "Domain", "Domain\Domain.csproj", "{21E8CF31-60D8-47B7-95ED-1A94C5FAD22E}"
EndProject
Project("{FAE04EC0-301F-11D3-BF4B-00C04F79EFBC}") = "Persistence", "Persistence\Persistence.csproj", "{F39162BA-C2F6-4C9A-A919-CE2ED4E372AD}"
EndProject
Global
	GlobalSection(SolutionConfigurationPlatforms) = preSolution
		Debug|Any CPU = Debug|Any CPU
		Release|Any CPU = Release|Any CPU
	EndGlobalSection
	GlobalSection(SolutionProperties) = preSolution
		HideSolutionNode = FALSE
	EndGlobalSection
	GlobalSection(ProjectConfigurationPlatforms) = postSolution
		{4DD1BDF3-5BA1-44EA-9E4E-01ADE1173359}.Debug|Any CPU.ActiveCfg = Debug|Any CPU
		{4DD1BDF3-5BA1-44EA-9E4E-01ADE1173359}.Debug|Any CPU.Build.0 = Debug|Any CPU
		{4DD1BDF3-5BA1-44EA-9E4E-01ADE1173359}.Release|Any CPU.ActiveCfg = Release|Any CPU
		{4DD1BDF3-5BA1-44EA-9E4E-01ADE1173359}.Release|Any CPU.Build.0 = Release|Any CPU
		{E3FD5A58-6704-4984-AD31-DD164ADE6C23}.Debug|Any CPU.ActiveCfg = Debug|Any CPU
		{E3FD5A58-6704-4984-AD31-DD164ADE6C23}.Debug|Any CPU.Build.0 = Debug|Any CPU
		{E3FD5A58-6704-4984-AD31-DD164ADE6C23}.Release|Any CPU.ActiveCfg = Release|Any CPU
		{E3FD5A58-6704-4984-AD31-DD164ADE6C23}.Release|Any CPU.Build.0 = Release|Any CPU
		{21E8CF31-60D8-47B7-95ED-1A94C5FAD22E}.Debug|Any CPU.ActiveCfg = Debug|Any CPU
		{21E8CF31-60D8-47B7-95ED-1A94C5FAD22E}.Debug|Any CPU.Build.0 = Debug|Any CPU
		{21E8CF31-60D8-47B7-95ED-1A94C5FAD22E}.Release|Any CPU.ActiveCfg = Release|Any CPU
		{21E8CF31-60D8-47B7-95ED-1A94C5FAD22E}.Release|Any CPU.Build.0 = Release|Any CPU
		{F39162BA-C2F6-4C9A-A919-CE2ED4E372AD}.Debug|Any CPU.ActiveCfg = Debug|Any CPU
		{F39162BA-C2F6-4C9A-A919-CE2ED4E372AD}.Debug|Any CPU.Build.0 = Debug|Any CPU
		{F39162BA-C2F6-4C9A-A919-CE2ED4E372AD}.Release|Any CPU.ActiveCfg = Release|Any CPU
		{F39162BA-C2F6-4C9A-A919-CE2ED4E372AD}.Release|Any CPU.Build.0 = Release|Any CPU
	EndGlobalSection
EndGlobal
=======
﻿
Microsoft Visual Studio Solution File, Format Version 12.00
# Visual Studio Version 17
VisualStudioVersion = 17.0.31903.59
MinimumVisualStudioVersion = 10.0.40219.1
Project("{FAE04EC0-301F-11D3-BF4B-00C04F79EFBC}") = "API", "API\API.csproj", "{989E8725-8B53-4493-BD78-A57D3C83D2E1}"
EndProject
Project("{FAE04EC0-301F-11D3-BF4B-00C04F79EFBC}") = "Application", "Application\Application.csproj", "{922F2AF1-C89E-4638-9388-BB87D9866B1E}"
EndProject
Project("{FAE04EC0-301F-11D3-BF4B-00C04F79EFBC}") = "Domain", "Domain\Domain.csproj", "{EB04DE3F-8AD4-41E2-A218-8B2DA6812172}"
EndProject
Project("{FAE04EC0-301F-11D3-BF4B-00C04F79EFBC}") = "Persistence", "Persistence\Persistence.csproj", "{38002F38-EC60-4314-831B-B9ACE2E404E7}"
EndProject
Project("{FAE04EC0-301F-11D3-BF4B-00C04F79EFBC}") = "Infrastructure", "Infrastructure\Infrastructure.csproj", "{67EB0524-1757-472F-9841-7C8BD6B198E7}"
EndProject
Global
	GlobalSection(SolutionConfigurationPlatforms) = preSolution
		Debug|Any CPU = Debug|Any CPU
		Release|Any CPU = Release|Any CPU
	EndGlobalSection
	GlobalSection(SolutionProperties) = preSolution
		HideSolutionNode = FALSE
	EndGlobalSection
	GlobalSection(ProjectConfigurationPlatforms) = postSolution
		{989E8725-8B53-4493-BD78-A57D3C83D2E1}.Debug|Any CPU.ActiveCfg = Debug|Any CPU
		{989E8725-8B53-4493-BD78-A57D3C83D2E1}.Debug|Any CPU.Build.0 = Debug|Any CPU
		{989E8725-8B53-4493-BD78-A57D3C83D2E1}.Release|Any CPU.ActiveCfg = Release|Any CPU
		{989E8725-8B53-4493-BD78-A57D3C83D2E1}.Release|Any CPU.Build.0 = Release|Any CPU
		{922F2AF1-C89E-4638-9388-BB87D9866B1E}.Debug|Any CPU.ActiveCfg = Debug|Any CPU
		{922F2AF1-C89E-4638-9388-BB87D9866B1E}.Debug|Any CPU.Build.0 = Debug|Any CPU
		{922F2AF1-C89E-4638-9388-BB87D9866B1E}.Release|Any CPU.ActiveCfg = Release|Any CPU
		{922F2AF1-C89E-4638-9388-BB87D9866B1E}.Release|Any CPU.Build.0 = Release|Any CPU
		{EB04DE3F-8AD4-41E2-A218-8B2DA6812172}.Debug|Any CPU.ActiveCfg = Debug|Any CPU
		{EB04DE3F-8AD4-41E2-A218-8B2DA6812172}.Debug|Any CPU.Build.0 = Debug|Any CPU
		{EB04DE3F-8AD4-41E2-A218-8B2DA6812172}.Release|Any CPU.ActiveCfg = Release|Any CPU
		{EB04DE3F-8AD4-41E2-A218-8B2DA6812172}.Release|Any CPU.Build.0 = Release|Any CPU
		{38002F38-EC60-4314-831B-B9ACE2E404E7}.Debug|Any CPU.ActiveCfg = Debug|Any CPU
		{38002F38-EC60-4314-831B-B9ACE2E404E7}.Debug|Any CPU.Build.0 = Debug|Any CPU
		{38002F38-EC60-4314-831B-B9ACE2E404E7}.Release|Any CPU.ActiveCfg = Release|Any CPU
		{38002F38-EC60-4314-831B-B9ACE2E404E7}.Release|Any CPU.Build.0 = Release|Any CPU
		{67EB0524-1757-472F-9841-7C8BD6B198E7}.Debug|Any CPU.ActiveCfg = Debug|Any CPU
		{67EB0524-1757-472F-9841-7C8BD6B198E7}.Debug|Any CPU.Build.0 = Debug|Any CPU
		{67EB0524-1757-472F-9841-7C8BD6B198E7}.Release|Any CPU.ActiveCfg = Release|Any CPU
		{67EB0524-1757-472F-9841-7C8BD6B198E7}.Release|Any CPU.Build.0 = Release|Any CPU
	EndGlobalSection
EndGlobal
>>>>>>> 6d95d7812a4120f9ccebc3c681cc74d9a3383583
